{
  "nodes": {
    "flake-utils": {
      "inputs": {
        "systems": "systems"
      },
      "locked": {
        "lastModified": 1731533236,
        "narHash": "sha256-l0KFg5HjrsfsO/JpG+r7fRrqm12kzFHyUHqHCVpMMbI=",
        "owner": "numtide",
        "repo": "flake-utils",
        "rev": "11707dc2f618dd54ca8739b309ec4fc024de578b",
        "type": "github"
      },
      "original": {
        "owner": "numtide",
        "repo": "flake-utils",
        "type": "github"
      }
    },
    "flake-utils_2": {
      "inputs": {
        "systems": "systems_2"
      },
      "locked": {
        "lastModified": 1731533236,
        "narHash": "sha256-l0KFg5HjrsfsO/JpG+r7fRrqm12kzFHyUHqHCVpMMbI=",
        "owner": "numtide",
        "repo": "flake-utils",
        "rev": "11707dc2f618dd54ca8739b309ec4fc024de578b",
        "type": "github"
      },
      "original": {
        "owner": "numtide",
        "repo": "flake-utils",
        "type": "github"
      }
    },
    "git-ignore-nix": {
      "inputs": {
        "nixpkgs": "nixpkgs_2"
      },
      "locked": {
        "lastModified": 1762808025,
        "narHash": "sha256-XmjITeZNMTQXGhhww6ed/Wacy2KzD6svioyCX7pkUu4=",
        "owner": "hercules-ci",
        "repo": "gitignore.nix",
        "rev": "cb5e3fdca1de58ccbc3ef53de65bd372b48f567c",
        "type": "github"
      },
      "original": {
        "owner": "hercules-ci",
        "ref": "master",
        "repo": "gitignore.nix",
        "type": "github"
      }
    },
    "git-ignore-nix_2": {
      "inputs": {
        "nixpkgs": "nixpkgs_4"
      },
      "locked": {
        "lastModified": 1762808025,
        "narHash": "sha256-XmjITeZNMTQXGhhww6ed/Wacy2KzD6svioyCX7pkUu4=",
        "owner": "hercules-ci",
        "repo": "gitignore.nix",
        "rev": "cb5e3fdca1de58ccbc3ef53de65bd372b48f567c",
        "type": "github"
      },
      "original": {
        "owner": "hercules-ci",
        "ref": "master",
        "repo": "gitignore.nix",
        "type": "github"
      }
    },
    "home-manager": {
      "inputs": {
        "nixpkgs": [
          "nixpkgs"
        ]
      },
      "locked": {
        "lastModified": 1772985285,
        "narHash": "sha256-wEEmvfqJcl9J0wyMgMrj1TixOgInBW/6tLPhWGoZE3s=",
        "owner": "nix-community",
        "repo": "home-manager",
        "rev": "5be5d8245cbc7bc0c09fbb5f38f23f223c543f85",
        "type": "github"
      },
      "original": {
        "owner": "nix-community",
        "ref": "master",
        "repo": "home-manager",
        "type": "github"
      }
    },
    "nixpkgs": {
      "locked": {
        "lastModified": 1772773019,
        "narHash": "sha256-E1bxHxNKfDoQUuvriG71+f+s/NT0qWkImXsYZNFFfCs=",
        "owner": "NixOS",
        "repo": "nixpkgs",
        "rev": "aca4d95fce4914b3892661bcb80b8087293536c6",
        "type": "github"
      },
      "original": {
        "owner": "NixOS",
        "ref": "nixos-unstable",
        "repo": "nixpkgs",
        "type": "github"
      }
    },
    "nixpkgs_2": {
      "locked": {
        "lastModified": 1666603677,
        "narHash": "sha256-apAEIj+z1iwMaMJ4tB21r/VTetfGDLDzuhXRHJknIAU=",
        "owner": "NixOS",
        "repo": "nixpkgs",
        "rev": "074da18a72269cc5a6cf444dce42daea5649b2fe",
        "type": "github"
      },
      "original": {
        "id": "nixpkgs",
        "type": "indirect"
      }
    },
    "nixpkgs_3": {
      "locked": {
        "lastModified": 1772956932,
        "narHash": "sha256-M0yS4AafhKxPPmOHGqIV0iKxgNO8bHDWdl1kOwGBwRY=",
        "owner": "NixOS",
        "repo": "nixpkgs",
        "rev": "608d0cadfed240589a7eea422407a547ad626a14",
        "type": "github"
      },
      "original": {
        "id": "nixpkgs",
        "type": "indirect"
      }
    },
    "nixpkgs_4": {
      "locked": {
        "lastModified": 1666603677,
        "narHash": "sha256-apAEIj+z1iwMaMJ4tB21r/VTetfGDLDzuhXRHJknIAU=",
        "owner": "NixOS",
        "repo": "nixpkgs",
        "rev": "074da18a72269cc5a6cf444dce42daea5649b2fe",
        "type": "github"
      },
      "original": {
        "id": "nixpkgs",
        "type": "indirect"
      }
    },
    "nixpkgs_5": {
      "locked": {
        "lastModified": 1772956932,
        "narHash": "sha256-M0yS4AafhKxPPmOHGqIV0iKxgNO8bHDWdl1kOwGBwRY=",
        "owner": "NixOS",
        "repo": "nixpkgs",
        "rev": "608d0cadfed240589a7eea422407a547ad626a14",
        "type": "github"
      },
      "original": {
        "id": "nixpkgs",
        "type": "indirect"
      }
    },
    "root": {
      "inputs": {
        "home-manager": "home-manager",
        "nixpkgs": "nixpkgs",
        "xmonad-contexts": "xmonad-contexts",
        "xmonad-contrib": "xmonad-contrib"
      }
    },
    "systems": {
      "locked": {
        "lastModified": 1681028828,
        "narHash": "sha256-Vy1rq5AaRuLzOxct8nz4T6wlgyUR7zLU309k9mBC768=",
        "owner": "nix-systems",
        "repo": "default",
        "rev": "da67096a3b9bf56a91d16901293e51ba5b49a27e",
        "type": "github"
      },
      "original": {
        "owner": "nix-systems",
        "repo": "default",
        "type": "github"
      }
    },
    "systems_2": {
      "locked": {
        "lastModified": 1681028828,
        "narHash": "sha256-Vy1rq5AaRuLzOxct8nz4T6wlgyUR7zLU309k9mBC768=",
        "owner": "nix-systems",
        "repo": "default",
        "rev": "da67096a3b9bf56a91d16901293e51ba5b49a27e",
        "type": "github"
      },
      "original": {
        "owner": "nix-systems",
        "repo": "default",
        "type": "github"
      }
    },
    "unstable": {
      "locked": {
        "lastModified": 1772773019,
        "narHash": "sha256-E1bxHxNKfDoQUuvriG71+f+s/NT0qWkImXsYZNFFfCs=",
        "owner": "NixOS",
        "repo": "nixpkgs",
        "rev": "aca4d95fce4914b3892661bcb80b8087293536c6",
        "type": "github"
      },
      "original": {
        "owner": "NixOS",
        "ref": "nixos-unstable",
        "repo": "nixpkgs",
        "type": "github"
      }
    },
    "xmonad": {
      "inputs": {
        "flake-utils": "flake-utils_2",
        "git-ignore-nix": "git-ignore-nix_2",
        "nixpkgs": "nixpkgs_5",
        "unstable": "unstable"
      },
      "locked": {
        "lastModified": 1772910999,
        "narHash": "sha256-8q5sXnyqx9Dz3NTt9rDjZUEHJUJgCcX7EzBN8GaIcs8=",
        "owner": "xmonad",
        "repo": "xmonad",
        "rev": "15a6978f5a325409dbdca25421d9e72adadf4e98",
        "type": "github"
      },
      "original": {
        "owner": "xmonad",
        "repo": "xmonad",
        "type": "github"
      }
    },
    "xmonad-contexts": {
      "flake": false,
      "locked": {
        "lastModified": 1656278379,
        "narHash": "sha256-8mUFsKF/uW3+DkmK5vwTF+IfWzPupcms/C3EHSEAWnU=",
        "owner": "Procrat",
        "repo": "xmonad-contexts",
        "rev": "d0de588e4d47e124cca788f0961821053fdbf646",
        "type": "github"
      },
      "original": {
        "owner": "Procrat",
        "repo": "xmonad-contexts",
        "type": "github"
      }
    },
    "xmonad-contrib": {
      "inputs": {
        "flake-utils": "flake-utils",
        "git-ignore-nix": "git-ignore-nix",
        "nixpkgs": "nixpkgs_3",
        "xmonad": "xmonad"
      },
      "locked": {
        "lastModified": 1772910942,
        "narHash": "sha256-h4FAa2tYCUFPO9siwLLOa2uh1ZMQYyMQJNpyS/ABalY=",
        "owner": "xmonad",
        "repo": "xmonad-contrib",
        "rev": "68eb421edea09795f77a006bc53e03f0258f7eaa",
        "type": "github"
      },
      "original": {
        "owner": "xmonad",
        "repo": "xmonad-contrib",
        "type": "github"
      }
    }
  },
  "root": "root",
  "version": 7
}
